
Microsoft Visual Studio Solution File, Format Version 12.00
# Visual Studio Version 17
VisualStudioVersion = 17.12.35707.178 d17.12
MinimumVisualStudioVersion = 10.0.40219.1
Project("{FAE04EC0-301F-11D3-BF4B-00C04F79EFBC}") = "Rental_Application.API", "Rental_Application.API\Rental_Application.API.csproj", "{1358C4AB-C8A9-460D-AD37-3101E42C2F31}"
EndProject
Project("{FAE04EC0-301F-11D3-BF4B-00C04F79EFBC}") = "Rental_Application.BusinessAccessLayer", "Rental_Application.BusinessAccessLayer\Rental_Application.BusinessAccessLayer.csproj", "{7BACC845-E31D-4D16-9B22-9FDE5366AC6C}"
EndProject
Project("{FAE04EC0-301F-11D3-BF4B-00C04F79EFBC}") = "Rental_Application.DataAccessLayer", "Rental_Application.DataAccessLayer\Rental_Application.DataAccessLayer.csproj", "{DB0C01A9-99DD-47FA-9E11-1C7E23AF79D3}"
EndProject
Project("{FAE04EC0-301F-11D3-BF4B-00C04F79EFBC}") = "Rental_Application.EntityLayer", "Rental_Application.EntityLayer\Rental_Application.EntityLayer.csproj", "{FF0D31A5-75B3-4489-9D7A-98A7EC213BAD}"
EndProject
Project("{FAE04EC0-301F-11D3-BF4B-00C04F79EFBC}") = "Rental_Application.IBusinessAccessLayer", "Rental_Application.IBusinessAccessLayer\Rental_Application.IBusinessAccessLayer.csproj", "{9EAEE3CA-9411-4AA5-AB84-99D5ACC19D63}"
EndProject
Project("{FAE04EC0-301F-11D3-BF4B-00C04F79EFBC}") = "Rental_Application.Web", "Rental_Application.Web\Rental_Application.Web.csproj", "{7F33E2D0-040A-4A6E-BB5F-59E63B7B9C38}"
EndProject
Global
	GlobalSection(SolutionConfigurationPlatforms) = preSolution
		Debug|Any CPU = Debug|Any CPU
		Release|Any CPU = Release|Any CPU
	EndGlobalSection
	GlobalSection(ProjectConfigurationPlatforms) = postSolution
		{1358C4AB-C8A9-460D-AD37-3101E42C2F31}.Debug|Any CPU.ActiveCfg = Debug|Any CPU
		{1358C4AB-C8A9-460D-AD37-3101E42C2F31}.Debug|Any CPU.Build.0 = Debug|Any CPU
		{1358C4AB-C8A9-460D-AD37-3101E42C2F31}.Release|Any CPU.ActiveCfg = Release|Any CPU
		{1358C4AB-C8A9-460D-AD37-3101E42C2F31}.Release|Any CPU.Build.0 = Release|Any CPU
		{7BACC845-E31D-4D16-9B22-9FDE5366AC6C}.Debug|Any CPU.ActiveCfg = Debug|Any CPU
		{7BACC845-E31D-4D16-9B22-9FDE5366AC6C}.Debug|Any CPU.Build.0 = Debug|Any CPU
		{7BACC845-E31D-4D16-9B22-9FDE5366AC6C}.Release|Any CPU.ActiveCfg = Release|Any CPU
		{7BACC845-E31D-4D16-9B22-9FDE5366AC6C}.Release|Any CPU.Build.0 = Release|Any CPU
		{DB0C01A9-99DD-47FA-9E11-1C7E23AF79D3}.Debug|Any CPU.ActiveCfg = Debug|Any CPU
		{DB0C01A9-99DD-47FA-9E11-1C7E23AF79D3}.Debug|Any CPU.Build.0 = Debug|Any CPU
		{DB0C01A9-99DD-47FA-9E11-1C7E23AF79D3}.Release|Any CPU.ActiveCfg = Release|Any CPU
		{DB0C01A9-99DD-47FA-9E11-1C7E23AF79D3}.Release|Any CPU.Build.0 = Release|Any CPU
		{FF0D31A5-75B3-4489-9D7A-98A7EC213BAD}.Debug|Any CPU.ActiveCfg = Debug|Any CPU
		{FF0D31A5-75B3-4489-9D7A-98A7EC213BAD}.Debug|Any CPU.Build.0 = Debug|Any CPU
		{FF0D31A5-75B3-4489-9D7A-98A7EC213BAD}.Release|Any CPU.ActiveCfg = Release|Any CPU
		{FF0D31A5-75B3-4489-9D7A-98A7EC213BAD}.Release|Any CPU.Build.0 = Release|Any CPU
		{9EAEE3CA-9411-4AA5-AB84-99D5ACC19D63}.Debug|Any CPU.ActiveCfg = Debug|Any CPU
		{9EAEE3CA-9411-4AA5-AB84-99D5ACC19D63}.Debug|Any CPU.Build.0 = Debug|Any CPU
		{9EAEE3CA-9411-4AA5-AB84-99D5ACC19D63}.Release|Any CPU.ActiveCfg = Release|Any CPU
		{9EAEE3CA-9411-4AA5-AB84-99D5ACC19D63}.Release|Any CPU.Build.0 = Release|Any CPU
		{7F33E2D0-040A-4A6E-BB5F-59E63B7B9C38}.Debug|Any CPU.ActiveCfg = Debug|Any CPU
		{7F33E2D0-040A-4A6E-BB5F-59E63B7B9C38}.Debug|Any CPU.Build.0 = Debug|Any CPU
		{7F33E2D0-040A-4A6E-BB5F-59E63B7B9C38}.Release|Any CPU.ActiveCfg = Release|Any CPU
		{7F33E2D0-040A-4A6E-BB5F-59E63B7B9C38}.Release|Any CPU.Build.0 = Release|Any CPU
	EndGlobalSection
	GlobalSection(SolutionProperties) = preSolution
		HideSolutionNode = FALSE
	EndGlobalSection
EndGlobal
